
Microsoft Visual Studio Solution File, Format Version 12.00
# Visual Studio Version 16
VisualStudioVersion = 16.0.31515.178
MinimumVisualStudioVersion = 10.0.40219.1
Project("{FAE04EC0-301F-11D3-BF4B-00C04F79EFBC}") = "Overtake_Neural_Network", "Overtake_Neural_Network.csproj", "{7EEDC666-749D-49A0-A82B-29C1FEEF0EED}"
EndProject
Global
	GlobalSection(SolutionConfigurationPlatforms) = preSolution
		Debug|Any CPU = Debug|Any CPU
		Release|Any CPU = Release|Any CPU
	EndGlobalSection
	GlobalSection(ProjectConfigurationPlatforms) = postSolution
		{7EEDC666-749D-49A0-A82B-29C1FEEF0EED}.Debug|Any CPU.ActiveCfg = Debug|Any CPU
		{7EEDC666-749D-49A0-A82B-29C1FEEF0EED}.Debug|Any CPU.Build.0 = Debug|Any CPU
		{7EEDC666-749D-49A0-A82B-29C1FEEF0EED}.Release|Any CPU.ActiveCfg = Release|Any CPU
		{7EEDC666-749D-49A0-A82B-29C1FEEF0EED}.Release|Any CPU.Build.0 = Release|Any CPU
	EndGlobalSection
	GlobalSection(SolutionProperties) = preSolution
		HideSolutionNode = FALSE
	EndGlobalSection
	GlobalSection(ExtensibilityGlobals) = postSolution
		SolutionGuid = {A3E00667-5CD8-43C9-BB98-AC968913A47F}
	EndGlobalSection
EndGlobal
